// !$*UTF8*$!
{
	archiveVersion = 1;
	classes = {
	};
	objectVersion = 46;
	objects = {

/* Begin PBXBuildFile section */
		F2C47FC51CA0DC3900EA0F1D /* AppDelegate.swift in Sources */ = {isa = PBXBuildFile; fileRef = F2C47FC41CA0DC3900EA0F1D /* AppDelegate.swift */; };
		F2C47FCA1CA0DC3900EA0F1D /* Main.storyboard in Resources */ = {isa = PBXBuildFile; fileRef = F2C47FC81CA0DC3900EA0F1D /* Main.storyboard */; };
		F2C47FCC1CA0DC3900EA0F1D /* Assets.xcassets in Resources */ = {isa = PBXBuildFile; fileRef = F2C47FCB1CA0DC3900EA0F1D /* Assets.xcassets */; };
		F2C47FCF1CA0DC3900EA0F1D /* LaunchScreen.storyboard in Resources */ = {isa = PBXBuildFile; fileRef = F2C47FCD1CA0DC3900EA0F1D /* LaunchScreen.storyboard */; };
		F2C47FD71CA0DCB900EA0F1D /* HappinessViewController.swift in Sources */ = {isa = PBXBuildFile; fileRef = F2C47FD61CA0DCB900EA0F1D /* HappinessViewController.swift */; };
		F2C47FD91CA0DD9B00EA0F1D /* FaceView.swift in Sources */ = {isa = PBXBuildFile; fileRef = F2C47FD81CA0DD9B00EA0F1D /* FaceView.swift */; };
/* End PBXBuildFile section */

/* Begin PBXFileReference section */
		F2C47FC11CA0DC3900EA0F1D /* Happiness.app */ = {isa = PBXFileReference; explicitFileType = wrapper.application; includeInIndex = 0; path = Happiness.app; sourceTree = BUILT_PRODUCTS_DIR; };
		F2C47FC41CA0DC3900EA0F1D /* AppDelegate.swift */ = {isa = PBXFileReference; lastKnownFileType = sourcecode.swift; path = AppDelegate.swift; sourceTree = "<group>"; };
		F2C47FC91CA0DC3900EA0F1D /* Base */ = {isa = PBXFileReference; lastKnownFileType = file.storyboard; name = Base; path = Base.lproj/Main.storyboard; sourceTree = "<group>"; };
		F2C47FCB1CA0DC3900EA0F1D /* Assets.xcassets */ = {isa = PBXFileReference; lastKnownFileType = folder.assetcatalog; path = Assets.xcassets; sourceTree = "<group>"; };
		F2C47FCE1CA0DC3900EA0F1D /* Base */ = {isa = PBXFileReference; lastKnownFileType = file.storyboard; name = Base; path = Base.lproj/LaunchScreen.storyboard; sourceTree = "<group>"; };
		F2C47FD01CA0DC3900EA0F1D /* Info.plist */ = {isa = PBXFileReference; lastKnownFileType = text.plist.xml; path = Info.plist; sourceTree = "<group>"; };
		F2C47FD61CA0DCB900EA0F1D /* HappinessViewController.swift */ = {isa = PBXFileReference; fileEncoding = 4; lastKnownFileType = sourcecode.swift; path = HappinessViewController.swift; sourceTree = SOURCE_ROOT; };
		F2C47FD81CA0DD9B00EA0F1D /* FaceView.swift */ = {isa = PBXFileReference; fileEncoding = 4; lastKnownFileType = sourcecode.swift; path = FaceView.swift; sourceTree = "<group>"; };
/* End PBXFileReference section */

/* Begin PBXFrameworksBuildPhase section */
		F2C47FBE1CA0DC3900EA0F1D /* Frameworks */ = {
			isa = PBXFrameworksBuildPhase;
			buildActionMask = 2147483647;
			files = (
			);
			runOnlyForDeploymentPostprocessing = 0;
		};
/* End PBXFrameworksBuildPhase section */

/* Begin PBXGroup section */
		F2C47FB81CA0DC3900EA0F1D = {
			isa = PBXGroup;
			children = (
				F2C47FC31CA0DC3900EA0F1D /* Happiness */,
				F2C47FC21CA0DC3900EA0F1D /* Products */,
			);
			sourceTree = "<group>";
		};
		F2C47FC21CA0DC3900EA0F1D /* Products */ = {
			isa = PBXGroup;
			children = (
				F2C47FC11CA0DC3900EA0F1D /* Happiness.app */,
			);
			name = Products;
			sourceTree = "<group>";
		};
		F2C47FC31CA0DC3900EA0F1D /* Happiness */ = {
			isa = PBXGroup;
			children = (
				F2C47FC41CA0DC3900EA0F1D /* AppDelegate.swift */,
				F2C47FD61CA0DCB900EA0F1D /* HappinessViewController.swift */,
				F2C47FC81CA0DC3900EA0F1D /* Main.storyboard */,
				F2C47FD81CA0DD9B00EA0F1D /* FaceView.swift */,
				F2C47FCB1CA0DC3900EA0F1D /* Assets.xcassets */,
				F2C47FCD1CA0DC3900EA0F1D /* LaunchScreen.storyboard */,
				F2C47FD01CA0DC3900EA0F1D /* Info.plist */,
			);
			path = Happiness;
			sourceTree = "<group>";
		};
/* End PBXGroup section */

/* Begin PBXNativeTarget section */
		F2C47FC01CA0DC3900EA0F1D /* Happiness */ = {
			isa = PBXNativeTarget;
			buildConfigurationList = F2C47FD31CA0DC3900EA0F1D /* Build configuration list for PBXNativeTarget "Happiness" */;
			buildPhases = (
				F2C47FBD1CA0DC3900EA0F1D /* Sources */,
				F2C47FBE1CA0DC3900EA0F1D /* Frameworks */,
				F2C47FBF1CA0DC3900EA0F1D /* Resources */,
			);
			buildRules = (
			);
			dependencies = (
			);
			name = Happiness;
			productName = Happiness;
			productReference = F2C47FC11CA0DC3900EA0F1D /* Happiness.app */;
			productType = "com.apple.product-type.application";
		};
/* End PBXNativeTarget section */

/* Begin PBXProject section */
		F2C47FB91CA0DC3900EA0F1D /* Project object */ = {
			isa = PBXProject;
			attributes = {
				LastSwiftUpdateCheck = 0720;
				LastUpgradeCheck = 0720;
				ORGANIZATIONNAME = "Some Peril";
				TargetAttributes = {
					F2C47FC01CA0DC3900EA0F1D = {
						CreatedOnToolsVersion = 7.2.1;
					};
				};
			};
			buildConfigurationList = F2C47FBC1CA0DC3900EA0F1D /* Build configuration list for PBXProject "Happiness" */;
			compatibilityVersion = "Xcode 3.2";
			developmentRegion = English;
			hasScannedForEncodings = 0;
			knownRegions = (
				en,
				Base,
			);
			mainGroup = F2C47FB81CA0DC3900EA0F1D;
			productRefGroup = F2C47FC21CA0DC3900EA0F1D /* Products */;
			projectDirPath = "";
			projectRoot = "";
			targets = (
				F2C47FC01CA0DC3900EA0F1D /* Happiness */,
			);
		};
/* End PBXProject section */

/* Begin PBXResourcesBuildPhase section */
		F2C47FBF1CA0DC3900EA0F1D /* Resources */ = {
			isa = PBXResourcesBuildPhase;
			buildActionMask = 2147483647;
			files = (
				F2C47FCF1CA0DC3900EA0F1D /* LaunchScreen.storyboard in Resources */,
				F2C47FCC1CA0DC3900EA0F1D /* Assets.xcassets in Resources */,
				F2C47FCA1CA0DC3900EA0F1D /* Main.storyboard in Resources */,
			);
			runOnlyForDeploymentPostprocessing = 0;
		};
/* End PBXResourcesBuildPhase section */

/* Begin PBXSourcesBuildPhase section */
		F2C47FBD1CA0DC3900EA0F1D /* Sources */ = {
			isa = PBXSourcesBuildPhase;
			buildActionMask = 2147483647;
			files = (
				F2C47FD71CA0DCB900EA0F1D /* HappinessViewController.swift in Sources */,
				F2C47FC51CA0DC3900EA0F1D /* AppDelegate.swift in Sources */,
				F2C47FD91CA0DD9B00EA0F1D /* FaceView.swift in Sources */,
			);
			runOnlyForDeploymentPostprocessing = 0;
		};
/* End PBXSourcesBuildPhase section */

/* Begin PBXVariantGroup section */
		F2C47FC81CA0DC3900EA0F1D /* Main.storyboard */ = {
			isa = PBXVariantGroup;
			children = (
				F2C47FC91CA0DC3900EA0F1D /* Base */,
			);
			name = Main.storyboard;
			sourceTree = "<group>";
		};
		F2C47FCD1CA0DC3900EA0F1D /* LaunchScreen.storyboard */ = {
			isa = PBXVariantGroup;
			children = (
				F2C47FCE1CA0DC3900EA0F1D /* Base */,
			);
			name = LaunchScreen.storyboard;
			sourceTree = "<group>";
		};
/* End PBXVariantGroup section */

/* Begin XCBuildConfiguration section */
		F2C47FD11CA0DC3900EA0F1D /* Debug */ = {
			isa = XCBuildConfiguration;
			buildSettings = {
				ALWAYS_SEARCH_USER_PATHS = NO;
				CLANG_CXX_LANGUAGE_STANDARD = "gnu++0x";
				CLANG_CXX_LIBRARY = "libc++";
				CLANG_ENABLE_MODULES = YES;
				CLANG_ENABLE_OBJC_ARC = YES;
				CLANG_WARN_BOOL_CONVERSION = YES;
				CLANG_WARN_CONSTANT_CONVERSION = YES;
				CLANG_WARN_DIRECT_OBJC_ISA_USAGE = YES_ERROR;
				CLANG_WARN_EMPTY_BODY = YES;
				CLANG_WARN_ENUM_CONVERSION = YES;
				CLANG_WARN_INT_CONVERSION = YES;
				CLANG_WARN_OBJC_ROOT_CLASS = YES_ERROR;
				CLANG_WARN_UNREACHABLE_CODE = YES;
				CLANG_WARN__DUPLICATE_METHOD_MATCH = YES;
				"CODE_SIGN_IDENTITY[sdk=iphoneos*]" = "iPhone Developer";
				COPY_PHASE_STRIP = NO;
				DEBUG_INFORMATION_FORMAT = dwarf;
				ENABLE_STRICT_OBJC_MSGSEND = YES;
				ENABLE_TESTABILITY = YES;
				GCC_C_LANGUAGE_STANDARD = gnu99;
				GCC_DYNAMIC_NO_PIC = NO;
				GCC_NO_COMMON_BLOCKS = YES;
				GCC_OPTIMIZATION_LEVEL = 0;
				GCC_PREPROCESSOR_DEFINITIONS = (
					"DEBUG=1",
					"$(inherited)",
				);
				GCC_WARN_64_TO_32_BIT_CONVERSION = YES;
				GCC_WARN_ABOUT_RETURN_TYPE = YES_ERROR;
				GCC_WARN_UNDECLARED_SELECTOR = YES;
				GCC_WARN_UNINITIALIZED_AUTOS = YES_AGGRESSIVE;
				GCC_WARN_UNUSED_FUNCTION = YES;
				GCC_WARN_UNUSED_VARIABLE = YES;
				IPHONEOS_DEPLOYMENT_TARGET = 9.2;
				MTL_ENABLE_DEBUG_INFO = YES;
				ONLY_ACTIVE_ARCH = YES;
				SDKROOT = iphoneos;
				SWIFT_OPTIMIZATION_LEVEL = "-Onone";
				TARGETED_DEVICE_FAMILY = "1,2";
			};
			name = Debug;
		};
		F2C47FD21CA0DC3900EA0F1D /* Release */ = {
			isa = XCBuildConfiguration;
			buildSettings = {
				ALWAYS_SEARCH_USER_PATHS = NO;
				CLANG_CXX_LANGUAGE_STANDARD = "gnu++0x";
				CLANG_CXX_LIBRARY = "libc++";
				CLANG_ENABLE_MODULES = YES;
				CLANG_ENABLE_OBJC_ARC = YES;
				CLANG_WARN_BOOL_CONVERSION = YES;
				CLANG_WARN_CONSTANT_CONVERSION = YES;
				CLANG_WARN_DIRECT_OBJC_ISA_USAGE = YES_ERROR;
				CLANG_WARN_EMPTY_BODY = YES;
				CLANG_WARN_ENUM_CONVERSION = YES;
				CLANG_WARN_INT_CONVERSION = YES;
				CLANG_WARN_OBJC_ROOT_CLASS = YES_ERROR;
				CLANG_WARN_UNREACHABLE_CODE = YES;
				CLANG_WARN__DUPLICATE_METHOD_MATCH = YES;
				"CODE_SIGN_IDENTITY[sdk=iphoneos*]" = "iPhone Developer";
				COPY_PHASE_STRIP = NO;
				DEBUG_INFORMATION_FORMAT = "dwarf-with-dsym";
				ENABLE_NS_ASSERTIONS = NO;
				ENABLE_STRICT_OBJC_MSGSEND = YES;
				GCC_C_LANGUAGE_STANDARD = gnu99;
				GCC_NO_COMMON_BLOCKS = YES;
				GCC_WARN_64_TO_32_BIT_CONVERSION = YES;
				GCC_WARN_ABOUT_RETURN_TYPE = YES_ERROR;
				GCC_WARN_UNDECLARED_SELECTOR = YES;
				GCC_WARN_UNINITIALIZED_AUTOS = YES_AGGRESSIVE;
				GCC_WARN_UNUSED_FUNCTION = YES;
				GCC_WARN_UNUSED_VARIABLE = YES;
				IPHONEOS_DEPLOYMENT_TARGET = 9.2;
				MTL_ENABLE_DEBUG_INFO = NO;
				SDKROOT = iphoneos;
				TARGETED_DEVICE_FAMILY = "1,2";
				VALIDATE_PRODUCT = YES;
			};
			name = Release;
		};
		F2C47FD41CA0DC3900EA0F1D /* Debug */ = {
			isa = XCBuildConfiguration;
			buildSettings = {
				ASSETCATALOG_COMPILER_APPICON_NAME = AppIcon;
				INFOPLIST_FILE = Happiness/Info.plist;
				LD_RUNPATH_SEARCH_PATHS = "$(inherited) @executable_path/Frameworks";
				PRODUCT_BUNDLE_IDENTIFIER = com.someperilproductions.Happiness;
				PRODUCT_NAME = "$(TARGET_NAME)";
			};
			name = Debug;
		};
		F2C47FD51CA0DC3900EA0F1D /* Release */ = {
			isa = XCBuildConfiguration;
			buildSettings = {
				ASSETCATALOG_COMPILER_APPICON_NAME = AppIcon;
				INFOPLIST_FILE = Happiness/Info.plist;
				LD_RUNPATH_SEARCH_PATHS = "$(inherited) @executable_path/Frameworks";
				PRODUCT_BUNDLE_IDENTIFIER = com.someperilproductions.Happiness;
				PRODUCT_NAME = "$(TARGET_NAME)";
			};
			name = Release;
		};
/* End XCBuildConfiguration section */

/* Begin XCConfigurationList section */
		F2C47FBC1CA0DC3900EA0F1D /* Build configuration list for PBXProject "Happiness" */ = {
			isa = XCConfigurationList;
			buildConfigurations = (
				F2C47FD11CA0DC3900EA0F1D /* Debug */,
				F2C47FD21CA0DC3900EA0F1D /* Release */,
			);
			defaultConfigurationIsVisible = 0;
			defaultConfigurationName = Release;
		};
		F2C47FD31CA0DC3900EA0F1D /* Build configuration list for PBXNativeTarget "Happiness" */ = {
			isa = XCConfigurationList;
			buildConfigurations = (
				F2C47FD41CA0DC3900EA0F1D /* Debug */,
				F2C47FD51CA0DC3900EA0F1D /* Release */,
			);
			defaultConfigurationIsVisible = 0;
			defaultConfigurationName = Release;
		};
/* End XCConfigurationList section */
	};
	rootObject = F2C47FB91CA0DC3900EA0F1D /* Project object */;
}
